
Microsoft Visual Studio Solution File, Format Version 12.00
# Visual Studio Version 17
VisualStudioVersion = 17.4.33403.182
MinimumVisualStudioVersion = 10.0.40219.1
Project("{FAE04EC0-301F-11D3-BF4B-00C04F79EFBC}") = "Лаба333333", "Лаба333333\Лаба333333.csproj", "{B2F7CC51-2753-4907-ACE3-A5F7002BD9D8}"
EndProject
Global
	GlobalSection(SolutionConfigurationPlatforms) = preSolution
		Debug|Any CPU = Debug|Any CPU
		Release|Any CPU = Release|Any CPU
	EndGlobalSection
	GlobalSection(ProjectConfigurationPlatforms) = postSolution
		{B2F7CC51-2753-4907-ACE3-A5F7002BD9D8}.Debug|Any CPU.ActiveCfg = Debug|Any CPU
		{B2F7CC51-2753-4907-ACE3-A5F7002BD9D8}.Debug|Any CPU.Build.0 = Debug|Any CPU
		{B2F7CC51-2753-4907-ACE3-A5F7002BD9D8}.Release|Any CPU.ActiveCfg = Release|Any CPU
		{B2F7CC51-2753-4907-ACE3-A5F7002BD9D8}.Release|Any CPU.Build.0 = Release|Any CPU
	EndGlobalSection
	GlobalSection(SolutionProperties) = preSolution
		HideSolutionNode = FALSE
	EndGlobalSection
	GlobalSection(ExtensibilityGlobals) = postSolution
		SolutionGuid = {58323DD3-F34A-4082-A6BD-8F309E87D864}
	EndGlobalSection
EndGlobal
